
Microsoft Visual Studio Solution File, Format Version 12.00
# Visual Studio Version 17
VisualStudioVersion = 17.0.32112.339
MinimumVisualStudioVersion = 10.0.40219.1
Project("{FAE04EC0-301F-11D3-BF4B-00C04F79EFBC}") = "GY-Kutuphane07.UI", "GY-Kutuphane07.UI\GY-Kutuphane07.UI.csproj", "{A32D78AF-2FFE-4EA7-B4FC-1F0F7AED8461}"
EndProject
Project("{FAE04EC0-301F-11D3-BF4B-00C04F79EFBC}") = "Kutuphane07.DATA", "Kutuphane07.DATA\Kutuphane07.DATA.csproj", "{40029525-A010-49B6-98F2-94811F981146}"
EndProject
Project("{2150E333-8FDC-42A3-9474-1A3956D46DE8}") = "Solution Items", "Solution Items", "{2B71872A-4B9F-4E3C-8E15-8752842D866F}"
	ProjectSection(SolutionItems) = preProject
		TextFile1.txt = TextFile1.txt
	EndProjectSection
EndProject
Global
	GlobalSection(SolutionConfigurationPlatforms) = preSolution
		Debug|Any CPU = Debug|Any CPU
		Release|Any CPU = Release|Any CPU
	EndGlobalSection
	GlobalSection(ProjectConfigurationPlatforms) = postSolution
		{A32D78AF-2FFE-4EA7-B4FC-1F0F7AED8461}.Debug|Any CPU.ActiveCfg = Debug|Any CPU
		{A32D78AF-2FFE-4EA7-B4FC-1F0F7AED8461}.Debug|Any CPU.Build.0 = Debug|Any CPU
		{A32D78AF-2FFE-4EA7-B4FC-1F0F7AED8461}.Release|Any CPU.ActiveCfg = Release|Any CPU
		{A32D78AF-2FFE-4EA7-B4FC-1F0F7AED8461}.Release|Any CPU.Build.0 = Release|Any CPU
		{40029525-A010-49B6-98F2-94811F981146}.Debug|Any CPU.ActiveCfg = Debug|Any CPU
		{40029525-A010-49B6-98F2-94811F981146}.Debug|Any CPU.Build.0 = Debug|Any CPU
		{40029525-A010-49B6-98F2-94811F981146}.Release|Any CPU.ActiveCfg = Release|Any CPU
		{40029525-A010-49B6-98F2-94811F981146}.Release|Any CPU.Build.0 = Release|Any CPU
	EndGlobalSection
	GlobalSection(SolutionProperties) = preSolution
		HideSolutionNode = FALSE
	EndGlobalSection
	GlobalSection(ExtensibilityGlobals) = postSolution
		SolutionGuid = {90C73D8B-4E38-4528-B5A9-C781702FD746}
	EndGlobalSection
EndGlobal
